
Microsoft Visual Studio Solution File, Format Version 12.00
# Visual Studio 15
VisualStudioVersion = 15.0.26228.9
MinimumVisualStudioVersion = 10.0.40219.1
Project("{FAE04EC0-301F-11D3-BF4B-00C04F79EFBC}") = "App2.Android", "App2\App2.Android\App2.Android.csproj", "{65B6AB53-7401-4D93-B4FF-8843E1FA0068}"
EndProject
Project("{FAE04EC0-301F-11D3-BF4B-00C04F79EFBC}") = "App2", "App2\App2\App2.csproj", "{7F19DEE3-51E8-46A2-BAFD-C1BFC5A124B2}"
EndProject
Project("{FAE04EC0-301F-11D3-BF4B-00C04F79EFBC}") = "App2.UWP", "App2\App2.UWP\App2.UWP.csproj", "{C878D783-CA5E-4800-9539-82E633019E01}"
EndProject
Project("{FAE04EC0-301F-11D3-BF4B-00C04F79EFBC}") = "App2.iOS", "App2\App2.iOS\App2.iOS.csproj", "{93DE0956-65CB-4465-B750-87BA4E55D1DA}"
EndProject
Global
	GlobalSection(SolutionConfigurationPlatforms) = preSolution
		Ad-Hoc|Any CPU = Ad-Hoc|Any CPU
		Ad-Hoc|ARM = Ad-Hoc|ARM
		Ad-Hoc|iPhone = Ad-Hoc|iPhone
		Ad-Hoc|iPhoneSimulator = Ad-Hoc|iPhoneSimulator
		Ad-Hoc|x64 = Ad-Hoc|x64
		Ad-Hoc|x86 = Ad-Hoc|x86
		AppStore|Any CPU = AppStore|Any CPU
		AppStore|ARM = AppStore|ARM
		AppStore|iPhone = AppStore|iPhone
		AppStore|iPhoneSimulator = AppStore|iPhoneSimulator
		AppStore|x64 = AppStore|x64
		AppStore|x86 = AppStore|x86
		Debug|Any CPU = Debug|Any CPU
		Debug|ARM = Debug|ARM
		Debug|iPhone = Debug|iPhone
		Debug|iPhoneSimulator = Debug|iPhoneSimulator
		Debug|x64 = Debug|x64
		Debug|x86 = Debug|x86
		Release|Any CPU = Release|Any CPU
		Release|ARM = Release|ARM
		Release|iPhone = Release|iPhone
		Release|iPhoneSimulator = Release|iPhoneSimulator
		Release|x64 = Release|x64
		Release|x86 = Release|x86
	EndGlobalSection
	GlobalSection(ProjectConfigurationPlatforms) = postSolution
		{65B6AB53-7401-4D93-B4FF-8843E1FA0068}.Ad-Hoc|Any CPU.ActiveCfg = Release|Any CPU
		{65B6AB53-7401-4D93-B4FF-8843E1FA0068}.Ad-Hoc|Any CPU.Build.0 = Release|Any CPU
		{65B6AB53-7401-4D93-B4FF-8843E1FA0068}.Ad-Hoc|Any CPU.Deploy.0 = Release|Any CPU
		{65B6AB53-7401-4D93-B4FF-8843E1FA0068}.Ad-Hoc|ARM.ActiveCfg = Release|Any CPU
		{65B6AB53-7401-4D93-B4FF-8843E1FA0068}.Ad-Hoc|ARM.Build.0 = Release|Any CPU
		{65B6AB53-7401-4D93-B4FF-8843E1FA0068}.Ad-Hoc|ARM.Deploy.0 = Release|Any CPU
		{65B6AB53-7401-4D93-B4FF-8843E1FA0068}.Ad-Hoc|iPhone.ActiveCfg = Release|Any CPU
		{65B6AB53-7401-4D93-B4FF-8843E1FA0068}.Ad-Hoc|iPhone.Build.0 = Release|Any CPU
		{65B6AB53-7401-4D93-B4FF-8843E1FA0068}.Ad-Hoc|iPhone.Deploy.0 = Release|Any CPU
		{65B6AB53-7401-4D93-B4FF-8843E1FA0068}.Ad-Hoc|iPhoneSimulator.ActiveCfg = Release|Any CPU
		{65B6AB53-7401-4D93-B4FF-8843E1FA0068}.Ad-Hoc|iPhoneSimulator.Build.0 = Release|Any CPU
		{65B6AB53-7401-4D93-B4FF-8843E1FA0068}.Ad-Hoc|iPhoneSimulator.Deploy.0 = Release|Any CPU
		{65B6AB53-7401-4D93-B4FF-8843E1FA0068}.Ad-Hoc|x64.ActiveCfg = Release|Any CPU
		{65B6AB53-7401-4D93-B4FF-8843E1FA0068}.Ad-Hoc|x64.Build.0 = Release|Any CPU
		{65B6AB53-7401-4D93-B4FF-8843E1FA0068}.Ad-Hoc|x64.Deploy.0 = Release|Any CPU
		{65B6AB53-7401-4D93-B4FF-8843E1FA0068}.Ad-Hoc|x86.ActiveCfg = Release|Any CPU
		{65B6AB53-7401-4D93-B4FF-8843E1FA0068}.Ad-Hoc|x86.Build.0 = Release|Any CPU
		{65B6AB53-7401-4D93-B4FF-8843E1FA0068}.Ad-Hoc|x86.Deploy.0 = Release|Any CPU
		{65B6AB53-7401-4D93-B4FF-8843E1FA0068}.AppStore|Any CPU.ActiveCfg = Release|Any CPU
		{65B6AB53-7401-4D93-B4FF-8843E1FA0068}.AppStore|Any CPU.Build.0 = Release|Any CPU
		{65B6AB53-7401-4D93-B4FF-8843E1FA0068}.AppStore|Any CPU.Deploy.0 = Release|Any CPU
		{65B6AB53-7401-4D93-B4FF-8843E1FA0068}.AppStore|ARM.ActiveCfg = Release|Any CPU
		{65B6AB53-7401-4D93-B4FF-8843E1FA0068}.AppStore|ARM.Build.0 = Release|Any CPU
		{65B6AB53-7401-4D93-B4FF-8843E1FA0068}.AppStore|ARM.Deploy.0 = Release|Any CPU
		{65B6AB53-7401-4D93-B4FF-8843E1FA0068}.AppStore|iPhone.ActiveCfg = Release|Any CPU
		{65B6AB53-7401-4D93-B4FF-8843E1FA0068}.AppStore|iPhone.Build.0 = Release|Any CPU
		{65B6AB53-7401-4D93-B4FF-8843E1FA0068}.AppStore|iPhone.Deploy.0 = Release|Any CPU
		{65B6AB53-7401-4D93-B4FF-8843E1FA0068}.AppStore|iPhoneSimulator.ActiveCfg = Release|Any CPU
		{65B6AB53-7401-4D93-B4FF-8843E1FA0068}.AppStore|iPhoneSimulator.Build.0 = Release|Any CPU
		{65B6AB53-7401-4D93-B4FF-8843E1FA0068}.AppStore|iPhoneSimulator.Deploy.0 = Release|Any CPU
		{65B6AB53-7401-4D93-B4FF-8843E1FA0068}.AppStore|x64.ActiveCfg = Release|Any CPU
		{65B6AB53-7401-4D93-B4FF-8843E1FA0068}.AppStore|x64.Build.0 = Release|Any CPU
		{65B6AB53-7401-4D93-B4FF-8843E1FA0068}.AppStore|x64.Deploy.0 = Release|Any CPU
		{65B6AB53-7401-4D93-B4FF-8843E1FA0068}.AppStore|x86.ActiveCfg = Release|Any CPU
		{65B6AB53-7401-4D93-B4FF-8843E1FA0068}.AppStore|x86.Build.0 = Release|Any CPU
		{65B6AB53-7401-4D93-B4FF-8843E1FA0068}.AppStore|x86.Deploy.0 = Release|Any CPU
		{65B6AB53-7401-4D93-B4FF-8843E1FA0068}.Debug|Any CPU.ActiveCfg = Debug|Any CPU
		{65B6AB53-7401-4D93-B4FF-8843E1FA0068}.Debug|Any CPU.Build.0 = Debug|Any CPU
		{65B6AB53-7401-4D93-B4FF-8843E1FA0068}.Debug|Any CPU.Deploy.0 = Debug|Any CPU
		{65B6AB53-7401-4D93-B4FF-8843E1FA0068}.Debug|ARM.ActiveCfg = Debug|Any CPU
		{65B6AB53-7401-4D93-B4FF-8843E1FA0068}.Debug|ARM.Build.0 = Debug|Any CPU
		{65B6AB53-7401-4D93-B4FF-8843E1FA0068}.Debug|ARM.Deploy.0 = Debug|Any CPU
		{65B6AB53-7401-4D93-B4FF-8843E1FA0068}.Debug|iPhone.ActiveCfg = Debug|Any CPU
		{65B6AB53-7401-4D93-B4FF-8843E1FA0068}.Debug|iPhone.Build.0 = Debug|Any CPU
		{65B6AB53-7401-4D93-B4FF-8843E1FA0068}.Debug|iPhone.Deploy.0 = Debug|Any CPU
		{65B6AB53-7401-4D93-B4FF-8843E1FA0068}.Debug|iPhoneSimulator.ActiveCfg = Debug|Any CPU
		{65B6AB53-7401-4D93-B4FF-8843E1FA0068}.Debug|iPhoneSimulator.Build.0 = Debug|Any CPU
		{65B6AB53-7401-4D93-B4FF-8843E1FA0068}.Debug|iPhoneSimulator.Deploy.0 = Debug|Any CPU
		{65B6AB53-7401-4D93-B4FF-8843E1FA0068}.Debug|x64.ActiveCfg = Debug|Any CPU
		{65B6AB53-7401-4D93-B4FF-8843E1FA0068}.Debug|x64.Build.0 = Debug|Any CPU
		{65B6AB53-7401-4D93-B4FF-8843E1FA0068}.Debug|x64.Deploy.0 = Debug|Any CPU
		{65B6AB53-7401-4D93-B4FF-8843E1FA0068}.Debug|x86.ActiveCfg = Debug|Any CPU
		{65B6AB53-7401-4D93-B4FF-8843E1FA0068}.Debug|x86.Build.0 = Debug|Any CPU
		{65B6AB53-7401-4D93-B4FF-8843E1FA0068}.Debug|x86.Deploy.0 = Debug|Any CPU
		{65B6AB53-7401-4D93-B4FF-8843E1FA0068}.Release|Any CPU.ActiveCfg = Release|Any CPU
		{65B6AB53-7401-4D93-B4FF-8843E1FA0068}.Release|Any CPU.Build.0 = Release|Any CPU
		{65B6AB53-7401-4D93-B4FF-8843E1FA0068}.Release|Any CPU.Deploy.0 = Release|Any CPU
		{65B6AB53-7401-4D93-B4FF-8843E1FA0068}.Release|ARM.ActiveCfg = Release|Any CPU
		{65B6AB53-7401-4D93-B4FF-8843E1FA0068}.Release|ARM.Build.0 = Release|Any CPU
		{65B6AB53-7401-4D93-B4FF-8843E1FA0068}.Release|ARM.Deploy.0 = Release|Any CPU
		{65B6AB53-7401-4D93-B4FF-8843E1FA0068}.Release|iPhone.ActiveCfg = Release|Any CPU
		{65B6AB53-7401-4D93-B4FF-8843E1FA0068}.Release|iPhone.Build.0 = Release|Any CPU
		{65B6AB53-7401-4D93-B4FF-8843E1FA0068}.Release|iPhone.Deploy.0 = Release|Any CPU
		{65B6AB53-7401-4D93-B4FF-8843E1FA0068}.Release|iPhoneSimulator.ActiveCfg = Release|Any CPU
		{65B6AB53-7401-4D93-B4FF-8843E1FA0068}.Release|iPhoneSimulator.Build.0 = Release|Any CPU
		{65B6AB53-7401-4D93-B4FF-8843E1FA0068}.Release|iPhoneSimulator.Deploy.0 = Release|Any CPU
		{65B6AB53-7401-4D93-B4FF-8843E1FA0068}.Release|x64.ActiveCfg = Release|Any CPU
		{65B6AB53-7401-4D93-B4FF-8843E1FA0068}.Release|x64.Build.0 = Release|Any CPU
		{65B6AB53-7401-4D93-B4FF-8843E1FA0068}.Release|x64.Deploy.0 = Release|Any CPU
		{65B6AB53-7401-4D93-B4FF-8843E1FA0068}.Release|x86.ActiveCfg = Release|Any CPU
		{65B6AB53-7401-4D93-B4FF-8843E1FA0068}.Release|x86.Build.0 = Release|Any CPU
		{65B6AB53-7401-4D93-B4FF-8843E1FA0068}.Release|x86.Deploy.0 = Release|Any CPU
		{7F19DEE3-51E8-46A2-BAFD-C1BFC5A124B2}.Ad-Hoc|Any CPU.ActiveCfg = Release|Any CPU
		{7F19DEE3-51E8-46A2-BAFD-C1BFC5A124B2}.Ad-Hoc|Any CPU.Build.0 = Release|Any CPU
		{7F19DEE3-51E8-46A2-BAFD-C1BFC5A124B2}.Ad-Hoc|ARM.ActiveCfg = Release|Any CPU
		{7F19DEE3-51E8-46A2-BAFD-C1BFC5A124B2}.Ad-Hoc|ARM.Build.0 = Release|Any CPU
		{7F19DEE3-51E8-46A2-BAFD-C1BFC5A124B2}.Ad-Hoc|iPhone.ActiveCfg = Release|Any CPU
		{7F19DEE3-51E8-46A2-BAFD-C1BFC5A124B2}.Ad-Hoc|iPhone.Build.0 = Release|Any CPU
		{7F19DEE3-51E8-46A2-BAFD-C1BFC5A124B2}.Ad-Hoc|iPhoneSimulator.ActiveCfg = Release|Any CPU
		{7F19DEE3-51E8-46A2-BAFD-C1BFC5A124B2}.Ad-Hoc|iPhoneSimulator.Build.0 = Release|Any CPU
		{7F19DEE3-51E8-46A2-BAFD-C1BFC5A124B2}.Ad-Hoc|x64.ActiveCfg = Release|Any CPU
		{7F19DEE3-51E8-46A2-BAFD-C1BFC5A124B2}.Ad-Hoc|x64.Build.0 = Release|Any CPU
		{7F19DEE3-51E8-46A2-BAFD-C1BFC5A124B2}.Ad-Hoc|x86.ActiveCfg = Release|Any CPU
		{7F19DEE3-51E8-46A2-BAFD-C1BFC5A124B2}.Ad-Hoc|x86.Build.0 = Release|Any CPU
		{7F19DEE3-51E8-46A2-BAFD-C1BFC5A124B2}.AppStore|Any CPU.ActiveCfg = Release|Any CPU
		{7F19DEE3-51E8-46A2-BAFD-C1BFC5A124B2}.AppStore|Any CPU.Build.0 = Release|Any CPU
		{7F19DEE3-51E8-46A2-BAFD-C1BFC5A124B2}.AppStore|ARM.ActiveCfg = Release|Any CPU
		{7F19DEE3-51E8-46A2-BAFD-C1BFC5A124B2}.AppStore|ARM.Build.0 = Release|Any CPU
		{7F19DEE3-51E8-46A2-BAFD-C1BFC5A124B2}.AppStore|iPhone.ActiveCfg = Release|Any CPU
		{7F19DEE3-51E8-46A2-BAFD-C1BFC5A124B2}.AppStore|iPhone.Build.0 = Release|Any CPU
		{7F19DEE3-51E8-46A2-BAFD-C1BFC5A124B2}.AppStore|iPhoneSimulator.ActiveCfg = Release|Any CPU
		{7F19DEE3-51E8-46A2-BAFD-C1BFC5A124B2}.AppStore|iPhoneSimulator.Build.0 = Release|Any CPU
		{7F19DEE3-51E8-46A2-BAFD-C1BFC5A124B2}.AppStore|x64.ActiveCfg = Release|Any CPU
		{7F19DEE3-51E8-46A2-BAFD-C1BFC5A124B2}.AppStore|x64.Build.0 = Release|Any CPU
		{7F19DEE3-51E8-46A2-BAFD-C1BFC5A124B2}.AppStore|x86.ActiveCfg = Release|Any CPU
		{7F19DEE3-51E8-46A2-BAFD-C1BFC5A124B2}.AppStore|x86.Build.0 = Release|Any CPU
		{7F19DEE3-51E8-46A2-BAFD-C1BFC5A124B2}.Debug|Any CPU.ActiveCfg = Debug|Any CPU
		{7F19DEE3-51E8-46A2-BAFD-C1BFC5A124B2}.Debug|Any CPU.Build.0 = Debug|Any CPU
		{7F19DEE3-51E8-46A2-BAFD-C1BFC5A124B2}.Debug|ARM.ActiveCfg = Debug|Any CPU
		{7F19DEE3-51E8-46A2-BAFD-C1BFC5A124B2}.Debug|ARM.Build.0 = Debug|Any CPU
		{7F19DEE3-51E8-46A2-BAFD-C1BFC5A124B2}.Debug|iPhone.ActiveCfg = Debug|Any CPU
		{7F19DEE3-51E8-46A2-BAFD-C1BFC5A124B2}.Debug|iPhone.Build.0 = Debug|Any CPU
		{7F19DEE3-51E8-46A2-BAFD-C1BFC5A124B2}.Debug|iPhoneSimulator.ActiveCfg = Debug|Any CPU
		{7F19DEE3-51E8-46A2-BAFD-C1BFC5A124B2}.Debug|iPhoneSimulator.Build.0 = Debug|Any CPU
		{7F19DEE3-51E8-46A2-BAFD-C1BFC5A124B2}.Debug|x64.ActiveCfg = Debug|Any CPU
		{7F19DEE3-51E8-46A2-BAFD-C1BFC5A124B2}.Debug|x64.Build.0 = Debug|Any CPU
		{7F19DEE3-51E8-46A2-BAFD-C1BFC5A124B2}.Debug|x86.ActiveCfg = Debug|Any CPU
		{7F19DEE3-51E8-46A2-BAFD-C1BFC5A124B2}.Debug|x86.Build.0 = Debug|Any CPU
		{7F19DEE3-51E8-46A2-BAFD-C1BFC5A124B2}.Release|Any CPU.ActiveCfg = Release|Any CPU
		{7F19DEE3-51E8-46A2-BAFD-C1BFC5A124B2}.Release|Any CPU.Build.0 = Release|Any CPU
		{7F19DEE3-51E8-46A2-BAFD-C1BFC5A124B2}.Release|ARM.ActiveCfg = Release|Any CPU
		{7F19DEE3-51E8-46A2-BAFD-C1BFC5A124B2}.Release|ARM.Build.0 = Release|Any CPU
		{7F19DEE3-51E8-46A2-BAFD-C1BFC5A124B2}.Release|iPhone.ActiveCfg = Release|Any CPU
		{7F19DEE3-51E8-46A2-BAFD-C1BFC5A124B2}.Release|iPhone.Build.0 = Release|Any CPU
		{7F19DEE3-51E8-46A2-BAFD-C1BFC5A124B2}.Release|iPhoneSimulator.ActiveCfg = Release|Any CPU
		{7F19DEE3-51E8-46A2-BAFD-C1BFC5A124B2}.Release|iPhoneSimulator.Build.0 = Release|Any CPU
		{7F19DEE3-51E8-46A2-BAFD-C1BFC5A124B2}.Release|x64.ActiveCfg = Release|Any CPU
		{7F19DEE3-51E8-46A2-BAFD-C1BFC5A124B2}.Release|x64.Build.0 = Release|Any CPU
		{7F19DEE3-51E8-46A2-BAFD-C1BFC5A124B2}.Release|x86.ActiveCfg = Release|Any CPU
		{7F19DEE3-51E8-46A2-BAFD-C1BFC5A124B2}.Release|x86.Build.0 = Release|Any CPU
		{C878D783-CA5E-4800-9539-82E633019E01}.Ad-Hoc|Any CPU.ActiveCfg = Release|x86
		{C878D783-CA5E-4800-9539-82E633019E01}.Ad-Hoc|Any CPU.Build.0 = Release|x86
		{C878D783-CA5E-4800-9539-82E633019E01}.Ad-Hoc|Any CPU.Deploy.0 = Release|x86
		{C878D783-CA5E-4800-9539-82E633019E01}.Ad-Hoc|ARM.ActiveCfg = Release|ARM
		{C878D783-CA5E-4800-9539-82E633019E01}.Ad-Hoc|ARM.Build.0 = Release|ARM
		{C878D783-CA5E-4800-9539-82E633019E01}.Ad-Hoc|ARM.Deploy.0 = Release|ARM
		{C878D783-CA5E-4800-9539-82E633019E01}.Ad-Hoc|iPhone.ActiveCfg = Release|x86
		{C878D783-CA5E-4800-9539-82E633019E01}.Ad-Hoc|iPhone.Build.0 = Release|x86
		{C878D783-CA5E-4800-9539-82E633019E01}.Ad-Hoc|iPhone.Deploy.0 = Release|x86
		{C878D783-CA5E-4800-9539-82E633019E01}.Ad-Hoc|iPhoneSimulator.ActiveCfg = Release|x86
		{C878D783-CA5E-4800-9539-82E633019E01}.Ad-Hoc|iPhoneSimulator.Build.0 = Release|x86
		{C878D783-CA5E-4800-9539-82E633019E01}.Ad-Hoc|iPhoneSimulator.Deploy.0 = Release|x86
		{C878D783-CA5E-4800-9539-82E633019E01}.Ad-Hoc|x64.ActiveCfg = Release|x64
		{C878D783-CA5E-4800-9539-82E633019E01}.Ad-Hoc|x64.Build.0 = Release|x64
		{C878D783-CA5E-4800-9539-82E633019E01}.Ad-Hoc|x64.Deploy.0 = Release|x64
		{C878D783-CA5E-4800-9539-82E633019E01}.Ad-Hoc|x86.ActiveCfg = Release|x86
		{C878D783-CA5E-4800-9539-82E633019E01}.Ad-Hoc|x86.Build.0 = Release|x86
		{C878D783-CA5E-4800-9539-82E633019E01}.Ad-Hoc|x86.Deploy.0 = Release|x86
		{C878D783-CA5E-4800-9539-82E633019E01}.AppStore|Any CPU.ActiveCfg = Release|x86
		{C878D783-CA5E-4800-9539-82E633019E01}.AppStore|Any CPU.Build.0 = Release|x86
		{C878D783-CA5E-4800-9539-82E633019E01}.AppStore|Any CPU.Deploy.0 = Release|x86
		{C878D783-CA5E-4800-9539-82E633019E01}.AppStore|ARM.ActiveCfg = Release|ARM
		{C878D783-CA5E-4800-9539-82E633019E01}.AppStore|ARM.Build.0 = Release|ARM
		{C878D783-CA5E-4800-9539-82E633019E01}.AppStore|ARM.Deploy.0 = Release|ARM
		{C878D783-CA5E-4800-9539-82E633019E01}.AppStore|iPhone.ActiveCfg = Release|x86
		{C878D783-CA5E-4800-9539-82E633019E01}.AppStore|iPhone.Build.0 = Release|x86
		{C878D783-CA5E-4800-9539-82E633019E01}.AppStore|iPhone.Deploy.0 = Release|x86
		{C878D783-CA5E-4800-9539-82E633019E01}.AppStore|iPhoneSimulator.ActiveCfg = Release|x86
		{C878D783-CA5E-4800-9539-82E633019E01}.AppStore|iPhoneSimulator.Build.0 = Release|x86
		{C878D783-CA5E-4800-9539-82E633019E01}.AppStore|iPhoneSimulator.Deploy.0 = Release|x86
		{C878D783-CA5E-4800-9539-82E633019E01}.AppStore|x64.ActiveCfg = Release|x64
		{C878D783-CA5E-4800-9539-82E633019E01}.AppStore|x64.Build.0 = Release|x64
		{C878D783-CA5E-4800-9539-82E633019E01}.AppStore|x64.Deploy.0 = Release|x64
		{C878D783-CA5E-4800-9539-82E633019E01}.AppStore|x86.ActiveCfg = Release|x86
		{C878D783-CA5E-4800-9539-82E633019E01}.AppStore|x86.Build.0 = Release|x86
		{C878D783-CA5E-4800-9539-82E633019E01}.AppStore|x86.Deploy.0 = Release|x86
		{C878D783-CA5E-4800-9539-82E633019E01}.Debug|Any CPU.ActiveCfg = Debug|x86
		{C878D783-CA5E-4800-9539-82E633019E01}.Debug|Any CPU.Build.0 = Debug|x86
		{C878D783-CA5E-4800-9539-82E633019E01}.Debug|Any CPU.Deploy.0 = Debug|x86
		{C878D783-CA5E-4800-9539-82E633019E01}.Debug|ARM.ActiveCfg = Debug|ARM
		{C878D783-CA5E-4800-9539-82E633019E01}.Debug|ARM.Build.0 = Debug|ARM
		{C878D783-CA5E-4800-9539-82E633019E01}.Debug|ARM.Deploy.0 = Debug|ARM
		{C878D783-CA5E-4800-9539-82E633019E01}.Debug|iPhone.ActiveCfg = Debug|x86
		{C878D783-CA5E-4800-9539-82E633019E01}.Debug|iPhoneSimulator.ActiveCfg = Debug|x86
		{C878D783-CA5E-4800-9539-82E633019E01}.Debug|iPhoneSimulator.Build.0 = Debug|x86
		{C878D783-CA5E-4800-9539-82E633019E01}.Debug|iPhoneSimulator.Deploy.0 = Debug|x86
		{C878D783-CA5E-4800-9539-82E633019E01}.Debug|x64.ActiveCfg = Debug|x64
		{C878D783-CA5E-4800-9539-82E633019E01}.Debug|x64.Build.0 = Debug|x64
		{C878D783-CA5E-4800-9539-82E633019E01}.Debug|x64.Deploy.0 = Debug|x64
		{C878D783-CA5E-4800-9539-82E633019E01}.Debug|x86.ActiveCfg = Debug|x86
		{C878D783-CA5E-4800-9539-82E633019E01}.Debug|x86.Build.0 = Debug|x86
		{C878D783-CA5E-4800-9539-82E633019E01}.Debug|x86.Deploy.0 = Debug|x86
		{C878D783-CA5E-4800-9539-82E633019E01}.Release|Any CPU.ActiveCfg = Release|x86
		{C878D783-CA5E-4800-9539-82E633019E01}.Release|ARM.ActiveCfg = Release|ARM
		{C878D783-CA5E-4800-9539-82E633019E01}.Release|ARM.Build.0 = Release|ARM
		{C878D783-CA5E-4800-9539-82E633019E01}.Release|ARM.Deploy.0 = Release|ARM
		{C878D783-CA5E-4800-9539-82E633019E01}.Release|iPhone.ActiveCfg = Release|x86
		{C878D783-CA5E-4800-9539-82E633019E01}.Release|iPhoneSimulator.ActiveCfg = Release|x86
		{C878D783-CA5E-4800-9539-82E633019E01}.Release|x64.ActiveCfg = Release|x64
		{C878D783-CA5E-4800-9539-82E633019E01}.Release|x64.Build.0 = Release|x64
		{C878D783-CA5E-4800-9539-82E633019E01}.Release|x64.Deploy.0 = Release|x64
		{C878D783-CA5E-4800-9539-82E633019E01}.Release|x86.ActiveCfg = Release|x86
		{C878D783-CA5E-4800-9539-82E633019E01}.Release|x86.Build.0 = Release|x86
		{C878D783-CA5E-4800-9539-82E633019E01}.Release|x86.Deploy.0 = Release|x86
		{93DE0956-65CB-4465-B750-87BA4E55D1DA}.Ad-Hoc|Any CPU.ActiveCfg = Ad-Hoc|iPhone
		{93DE0956-65CB-4465-B750-87BA4E55D1DA}.Ad-Hoc|ARM.ActiveCfg = Ad-Hoc|iPhone
		{93DE0956-65CB-4465-B750-87BA4E55D1DA}.Ad-Hoc|iPhone.ActiveCfg = Ad-Hoc|iPhone
		{93DE0956-65CB-4465-B750-87BA4E55D1DA}.Ad-Hoc|iPhone.Build.0 = Ad-Hoc|iPhone
		{93DE0956-65CB-4465-B750-87BA4E55D1DA}.Ad-Hoc|iPhoneSimulator.ActiveCfg = Ad-Hoc|iPhoneSimulator
		{93DE0956-65CB-4465-B750-87BA4E55D1DA}.Ad-Hoc|iPhoneSimulator.Build.0 = Ad-Hoc|iPhoneSimulator
		{93DE0956-65CB-4465-B750-87BA4E55D1DA}.Ad-Hoc|x64.ActiveCfg = Ad-Hoc|iPhone
		{93DE0956-65CB-4465-B750-87BA4E55D1DA}.Ad-Hoc|x86.ActiveCfg = Ad-Hoc|iPhone
		{93DE0956-65CB-4465-B750-87BA4E55D1DA}.AppStore|Any CPU.ActiveCfg = AppStore|iPhone
		{93DE0956-65CB-4465-B750-87BA4E55D1DA}.AppStore|ARM.ActiveCfg = AppStore|iPhone
		{93DE0956-65CB-4465-B750-87BA4E55D1DA}.AppStore|iPhone.ActiveCfg = AppStore|iPhone
		{93DE0956-65CB-4465-B750-87BA4E55D1DA}.AppStore|iPhone.Build.0 = AppStore|iPhone
		{93DE0956-65CB-4465-B750-87BA4E55D1DA}.AppStore|iPhoneSimulator.ActiveCfg = AppStore|iPhoneSimulator
		{93DE0956-65CB-4465-B750-87BA4E55D1DA}.AppStore|iPhoneSimulator.Build.0 = AppStore|iPhoneSimulator
		{93DE0956-65CB-4465-B750-87BA4E55D1DA}.AppStore|x64.ActiveCfg = AppStore|iPhone
		{93DE0956-65CB-4465-B750-87BA4E55D1DA}.AppStore|x86.ActiveCfg = AppStore|iPhone
		{93DE0956-65CB-4465-B750-87BA4E55D1DA}.Debug|Any CPU.ActiveCfg = Debug|iPhone
		{93DE0956-65CB-4465-B750-87BA4E55D1DA}.Debug|Any CPU.Build.0 = Debug|iPhone
		{93DE0956-65CB-4465-B750-87BA4E55D1DA}.Debug|ARM.ActiveCfg = Debug|iPhone
		{93DE0956-65CB-4465-B750-87BA4E55D1DA}.Debug|iPhone.ActiveCfg = Debug|iPhone
		{93DE0956-65CB-4465-B750-87BA4E55D1DA}.Debug|iPhone.Build.0 = Debug|iPhone
		{93DE0956-65CB-4465-B750-87BA4E55D1DA}.Debug|iPhoneSimulator.ActiveCfg = Debug|iPhoneSimulator
		{93DE0956-65CB-4465-B750-87BA4E55D1DA}.Debug|iPhoneSimulator.Build.0 = Debug|iPhoneSimulator
		{93DE0956-65CB-4465-B750-87BA4E55D1DA}.Debug|x64.ActiveCfg = Debug|iPhone
		{93DE0956-65CB-4465-B750-87BA4E55D1DA}.Debug|x86.ActiveCfg = Debug|iPhone
		{93DE0956-65CB-4465-B750-87BA4E55D1DA}.Release|Any CPU.ActiveCfg = Release|iPhone
		{93DE0956-65CB-4465-B750-87BA4E55D1DA}.Release|ARM.ActiveCfg = Release|iPhone
		{93DE0956-65CB-4465-B750-87BA4E55D1DA}.Release|iPhone.ActiveCfg = Release|iPhone
		{93DE0956-65CB-4465-B750-87BA4E55D1DA}.Release|iPhone.Build.0 = Release|iPhone
		{93DE0956-65CB-4465-B750-87BA4E55D1DA}.Release|iPhoneSimulator.ActiveCfg = Release|iPhoneSimulator
		{93DE0956-65CB-4465-B750-87BA4E55D1DA}.Release|iPhoneSimulator.Build.0 = Release|iPhoneSimulator
		{93DE0956-65CB-4465-B750-87BA4E55D1DA}.Release|x64.ActiveCfg = Release|iPhone
		{93DE0956-65CB-4465-B750-87BA4E55D1DA}.Release|x86.ActiveCfg = Release|iPhone
	EndGlobalSection
	GlobalSection(SolutionProperties) = preSolution
		HideSolutionNode = FALSE
	EndGlobalSection
EndGlobal
